
Microsoft Visual Studio Solution File, Format Version 12.00
# Visual Studio Version 17
VisualStudioVersion = 17.9.34714.143
MinimumVisualStudioVersion = 10.0.40219.1
Project("{FAE04EC0-301F-11D3-BF4B-00C04F79EFBC}") = "CinemaBoookingSystem", "CinemaBoookingSystem\CinemaBoookingSystem.csproj", "{9A81EB58-7EDC-44A1-BEAE-D9F11A67B46F}"
EndProject
Project("{FAE04EC0-301F-11D3-BF4B-00C04F79EFBC}") = "CinemaBoookingSystem.Data", "CinemaBoookingSystem.Data\CinemaBoookingSystem.Data.csproj", "{E6DBC92C-8123-42E7-8D17-253516CA51E2}"
EndProject
Project("{FAE04EC0-301F-11D3-BF4B-00C04F79EFBC}") = "CinemaBoookingSystem.Tests", "CinemaBoookingSystem.Tests\CinemaBoookingSystem.Tests.csproj", "{26B3CC81-6FD0-43E5-8CE8-104BE7C2DA7E}"
EndProject
Global
	GlobalSection(SolutionConfigurationPlatforms) = preSolution
		Debug|Any CPU = Debug|Any CPU
		Release|Any CPU = Release|Any CPU
	EndGlobalSection
	GlobalSection(ProjectConfigurationPlatforms) = postSolution
		{9A81EB58-7EDC-44A1-BEAE-D9F11A67B46F}.Debug|Any CPU.ActiveCfg = Debug|Any CPU
		{9A81EB58-7EDC-44A1-BEAE-D9F11A67B46F}.Debug|Any CPU.Build.0 = Debug|Any CPU
		{9A81EB58-7EDC-44A1-BEAE-D9F11A67B46F}.Release|Any CPU.ActiveCfg = Release|Any CPU
		{9A81EB58-7EDC-44A1-BEAE-D9F11A67B46F}.Release|Any CPU.Build.0 = Release|Any CPU
		{E6DBC92C-8123-42E7-8D17-253516CA51E2}.Debug|Any CPU.ActiveCfg = Debug|Any CPU
		{E6DBC92C-8123-42E7-8D17-253516CA51E2}.Debug|Any CPU.Build.0 = Debug|Any CPU
		{E6DBC92C-8123-42E7-8D17-253516CA51E2}.Release|Any CPU.ActiveCfg = Release|Any CPU
		{E6DBC92C-8123-42E7-8D17-253516CA51E2}.Release|Any CPU.Build.0 = Release|Any CPU
		{26B3CC81-6FD0-43E5-8CE8-104BE7C2DA7E}.Debug|Any CPU.ActiveCfg = Debug|Any CPU
		{26B3CC81-6FD0-43E5-8CE8-104BE7C2DA7E}.Debug|Any CPU.Build.0 = Debug|Any CPU
		{26B3CC81-6FD0-43E5-8CE8-104BE7C2DA7E}.Release|Any CPU.ActiveCfg = Release|Any CPU
		{26B3CC81-6FD0-43E5-8CE8-104BE7C2DA7E}.Release|Any CPU.Build.0 = Release|Any CPU
	EndGlobalSection
	GlobalSection(SolutionProperties) = preSolution
		HideSolutionNode = FALSE
	EndGlobalSection
	GlobalSection(ExtensibilityGlobals) = postSolution
		SolutionGuid = {064DF32D-AA9D-42A1-BA48-F28382E1F949}
	EndGlobalSection
EndGlobal
